{
  "name": "yaj-sse",
  "version": "0.2.1",
  "lockfileVersion": 1,
  "dependencies": {
    "xmlhttprequest": {
      "version": "1.8.0",
      "resolved": "https://registry.npmjs.org/xmlhttprequest/-/xmlhttprequest-1.8.0.tgz",
      "integrity": "sha1-Z/4HXFwk/vOfnWX197f+dRcZaPw="
    },
    "yaj": {
      "version": "0.1.1",
      "resolved": "https://registry.npmjs.org/yaj/-/yaj-0.1.1.tgz",
      "integrity": "sha512-HqwIfY0KD5EnmA9hUVQaYm/BPbwfuKfnx37ygyDTmwpea7skFYsht7cBZABH6CakXVj63iwfRX7k/+cSbu74QA=="
    }
  }
}
